
Microsoft Visual Studio Solution File, Format Version 12.00
# Visual Studio Version 16
VisualStudioVersion = 16.0.29102.190
MinimumVisualStudioVersion = 10.0.40219.1
Project("{FAE04EC0-301F-11D3-BF4B-00C04F79EFBC}") = "API", "API\API.csproj", "{35776945-6B34-4219-83AC-057883F84D26}"
EndProject
Global
	GlobalSection(SolutionConfigurationPlatforms) = preSolution
		Debug|Any CPU = Debug|Any CPU
		Release|Any CPU = Release|Any CPU
	EndGlobalSection
	GlobalSection(ProjectConfigurationPlatforms) = postSolution
		{35776945-6B34-4219-83AC-057883F84D26}.Debug|Any CPU.ActiveCfg = Debug|Any CPU
		{35776945-6B34-4219-83AC-057883F84D26}.Debug|Any CPU.Build.0 = Debug|Any CPU
		{35776945-6B34-4219-83AC-057883F84D26}.Release|Any CPU.ActiveCfg = Release|Any CPU
		{35776945-6B34-4219-83AC-057883F84D26}.Release|Any CPU.Build.0 = Release|Any CPU
	EndGlobalSection
	GlobalSection(SolutionProperties) = preSolution
		HideSolutionNode = FALSE
	EndGlobalSection
	GlobalSection(ExtensibilityGlobals) = postSolution
		SolutionGuid = {AE8C1A6A-BC66-4FFF-9A6F-D45876475675}
	EndGlobalSection
EndGlobal
